// !$*UTF8*$!
{
	archiveVersion = 1;
	classes = {
	};
	objectVersion = 46;
	objects = {

/* Begin PBXBuildFile section */
		0FC367BAC704D3F40790BB8B /* Pods_Cerberus.framework in Frameworks */ = {isa = PBXBuildFile; fileRef = 4362007332402B5E94F502AB /* Pods_Cerberus.framework */; };
		B9D83FAB1DCF39BD0053C079 /* main.m in Sources */ = {isa = PBXBuildFile; fileRef = B9D83FAA1DCF39BD0053C079 /* main.m */; };
		B9D83FC81DD434FC0053C079 /* libenclave.m in Sources */ = {isa = PBXBuildFile; fileRef = B9D83FBB1DD432930053C079 /* libenclave.m */; };
		B9D83FCA1DD6EAC30053C079 /* libcerberus.m in Sources */ = {isa = PBXBuildFile; fileRef = B9D83FC91DD6EAC30053C079 /* libcerberus.m */; };
		B9D83FDF1DD6F1A40053C079 /* AESCrypt.m in Sources */ = {isa = PBXBuildFile; fileRef = B9D83FD81DD6F1A40053C079 /* AESCrypt.m */; };
		B9D83FE01DD6F1A40053C079 /* NSData+Base64.m in Sources */ = {isa = PBXBuildFile; fileRef = B9D83FDA1DD6F1A40053C079 /* NSData+Base64.m */; };
		B9D83FE11DD6F1A40053C079 /* NSData+CommonCrypto.m in Sources */ = {isa = PBXBuildFile; fileRef = B9D83FDC1DD6F1A40053C079 /* NSData+CommonCrypto.m */; };
		B9D83FE21DD6F1A40053C079 /* NSString+Base64.m in Sources */ = {isa = PBXBuildFile; fileRef = B9D83FDE1DD6F1A40053C079 /* NSString+Base64.m */; };
		B9D83FF31DD6F5B10053C079 /* Foundation.framework in Frameworks */ = {isa = PBXBuildFile; fileRef = B9D83FF21DD6F5B10053C079 /* Foundation.framework */; };
		B9D8407D1DD6FFC00053C079 /* _25519.framework in Frameworks */ = {isa = PBXBuildFile; fileRef = B9D8407C1DD6FFC00053C079 /* _25519.framework */; };
/* End PBXBuildFile section */

/* Begin PBXCopyFilesBuildPhase section */
		B9D83FA51DCF39BD0053C079 /* CopyFiles */ = {
			isa = PBXCopyFilesBuildPhase;
			buildActionMask = 8;
			dstPath = "";
			dstSubfolderSpec = 7;
			files = (
			);
			runOnlyForDeploymentPostprocessing = 1;
		};
/* End PBXCopyFilesBuildPhase section */

/* Begin PBXFileReference section */
		0D9C93024EAB383E4954E2B3 /* Pods-Cerberus.debug.xcconfig */ = {isa = PBXFileReference; includeInIndex = 1; lastKnownFileType = text.xcconfig; name = "Pods-Cerberus.debug.xcconfig"; path = "Pods/Target Support Files/Pods-Cerberus/Pods-Cerberus.debug.xcconfig"; sourceTree = "<group>"; };
		4362007332402B5E94F502AB /* Pods_Cerberus.framework */ = {isa = PBXFileReference; explicitFileType = wrapper.framework; includeInIndex = 0; path = Pods_Cerberus.framework; sourceTree = BUILT_PRODUCTS_DIR; };
		B9D83FA71DCF39BD0053C079 /* Cerberus */ = {isa = PBXFileReference; explicitFileType = "compiled.mach-o.executable"; includeInIndex = 0; path = Cerberus; sourceTree = BUILT_PRODUCTS_DIR; };
		B9D83FAA1DCF39BD0053C079 /* main.m */ = {isa = PBXFileReference; lastKnownFileType = sourcecode.c.objc; path = main.m; sourceTree = "<group>"; };
		B9D83FB91DD432930053C079 /* libenclave.h */ = {isa = PBXFileReference; lastKnownFileType = sourcecode.c.h; name = libenclave.h; path = ../libenclave/libenclave.h; sourceTree = "<group>"; };
		B9D83FBB1DD432930053C079 /* libenclave.m */ = {isa = PBXFileReference; lastKnownFileType = sourcecode.c.objc; name = libenclave.m; path = ../libenclave/libenclave.m; sourceTree = "<group>"; };
		B9D83FC91DD6EAC30053C079 /* libcerberus.m */ = {isa = PBXFileReference; fileEncoding = 4; lastKnownFileType = sourcecode.c.objc; path = libcerberus.m; sourceTree = "<group>"; };
		B9D83FCB1DD6EACE0053C079 /* libcerberus.h */ = {isa = PBXFileReference; lastKnownFileType = sourcecode.c.h; path = libcerberus.h; sourceTree = "<group>"; };
		B9D83FD71DD6F1A40053C079 /* AESCrypt.h */ = {isa = PBXFileReference; fileEncoding = 4; lastKnownFileType = sourcecode.c.h; path = AESCrypt.h; sourceTree = "<group>"; };
		B9D83FD81DD6F1A40053C079 /* AESCrypt.m */ = {isa = PBXFileReference; fileEncoding = 4; lastKnownFileType = sourcecode.c.objc; path = AESCrypt.m; sourceTree = "<group>"; };
		B9D83FD91DD6F1A40053C079 /* NSData+Base64.h */ = {isa = PBXFileReference; fileEncoding = 4; lastKnownFileType = sourcecode.c.h; path = "NSData+Base64.h"; sourceTree = "<group>"; };
		B9D83FDA1DD6F1A40053C079 /* NSData+Base64.m */ = {isa = PBXFileReference; fileEncoding = 4; lastKnownFileType = sourcecode.c.objc; path = "NSData+Base64.m"; sourceTree = "<group>"; };
		B9D83FDB1DD6F1A40053C079 /* NSData+CommonCrypto.h */ = {isa = PBXFileReference; fileEncoding = 4; lastKnownFileType = sourcecode.c.h; path = "NSData+CommonCrypto.h"; sourceTree = "<group>"; };
		B9D83FDC1DD6F1A40053C079 /* NSData+CommonCrypto.m */ = {isa = PBXFileReference; fileEncoding = 4; lastKnownFileType = sourcecode.c.objc; path = "NSData+CommonCrypto.m"; sourceTree = "<group>"; };
		B9D83FDD1DD6F1A40053C079 /* NSString+Base64.h */ = {isa = PBXFileReference; fileEncoding = 4; lastKnownFileType = sourcecode.c.h; path = "NSString+Base64.h"; sourceTree = "<group>"; };
		B9D83FDE1DD6F1A40053C079 /* NSString+Base64.m */ = {isa = PBXFileReference; fileEncoding = 4; lastKnownFileType = sourcecode.c.objc; path = "NSString+Base64.m"; sourceTree = "<group>"; };
		B9D83FE41DD6F2A80053C079 /* readme.txt */ = {isa = PBXFileReference; lastKnownFileType = text; path = readme.txt; sourceTree = "<group>"; };
		B9D83FF21DD6F5B10053C079 /* Foundation.framework */ = {isa = PBXFileReference; lastKnownFileType = wrapper.framework; name = Foundation.framework; path = System/Library/Frameworks/Foundation.framework; sourceTree = SDKROOT; };
		B9D8407B1DD6FAD00053C079 /* Common.h */ = {isa = PBXFileReference; lastKnownFileType = sourcecode.c.h; path = Common.h; sourceTree = "<group>"; };
		B9D8407C1DD6FFC00053C079 /* _25519.framework */ = {isa = PBXFileReference; lastKnownFileType = wrapper.framework; name = _25519.framework; path = "../../Library/Developer/Xcode/DerivedData/Cerberus-gzperasnxnnkaxdoefcaupioytvb/Build/Products/Debug/25519/_25519.framework"; sourceTree = "<group>"; };
		DA12CF0A277BAB9F25EE2298 /* Pods-Cerberus.release.xcconfig */ = {isa = PBXFileReference; includeInIndex = 1; lastKnownFileType = text.xcconfig; name = "Pods-Cerberus.release.xcconfig"; path = "Pods/Target Support Files/Pods-Cerberus/Pods-Cerberus.release.xcconfig"; sourceTree = "<group>"; };
/* End PBXFileReference section */

/* Begin PBXFrameworksBuildPhase section */
		B9D83FA41DCF39BD0053C079 /* Frameworks */ = {
			isa = PBXFrameworksBuildPhase;
			buildActionMask = 2147483647;
			files = (
				B9D83FF31DD6F5B10053C079 /* Foundation.framework in Frameworks */,
				0FC367BAC704D3F40790BB8B /* Pods_Cerberus.framework in Frameworks */,
				B9D8407D1DD6FFC00053C079 /* _25519.framework in Frameworks */,
			);
			runOnlyForDeploymentPostprocessing = 0;
		};
/* End PBXFrameworksBuildPhase section */

/* Begin PBXGroup section */
		B9D83F9E1DCF39BD0053C079 = {
			isa = PBXGroup;
			children = (
				B9D83FE41DD6F2A80053C079 /* readme.txt */,
				B9D83FA91DCF39BD0053C079 /* Cerberus */,
				B9D83FA81DCF39BD0053C079 /* Products */,
				B9D83FF11DD6F5B10053C079 /* Frameworks */,
				FCED49DCC1DF993FA1FE2782 /* Pods */,
			);
			sourceTree = "<group>";
		};
		B9D83FA81DCF39BD0053C079 /* Products */ = {
			isa = PBXGroup;
			children = (
				B9D83FA71DCF39BD0053C079 /* Cerberus */,
			);
			name = Products;
			sourceTree = "<group>";
		};
		B9D83FA91DCF39BD0053C079 /* Cerberus */ = {
			isa = PBXGroup;
			children = (
				B9D8407B1DD6FAD00053C079 /* Common.h */,
				B9D83FAA1DCF39BD0053C079 /* main.m */,
				B9D83FD21DD6EF170053C079 /* Libraries */,
			);
			path = Cerberus;
			sourceTree = "<group>";
		};
		B9D83FCF1DD6EF030053C079 /* AESCrypt */ = {
			isa = PBXGroup;
			children = (
				B9D83FD71DD6F1A40053C079 /* AESCrypt.h */,
				B9D83FD81DD6F1A40053C079 /* AESCrypt.m */,
				B9D83FD91DD6F1A40053C079 /* NSData+Base64.h */,
				B9D83FDA1DD6F1A40053C079 /* NSData+Base64.m */,
				B9D83FDB1DD6F1A40053C079 /* NSData+CommonCrypto.h */,
				B9D83FDC1DD6F1A40053C079 /* NSData+CommonCrypto.m */,
				B9D83FDD1DD6F1A40053C079 /* NSString+Base64.h */,
				B9D83FDE1DD6F1A40053C079 /* NSString+Base64.m */,
			);
			name = AESCrypt;
			sourceTree = "<group>";
		};
		B9D83FD01DD6EF0A0053C079 /* libenclave */ = {
			isa = PBXGroup;
			children = (
				B9D83FB91DD432930053C079 /* libenclave.h */,
				B9D83FBB1DD432930053C079 /* libenclave.m */,
			);
			name = libenclave;
			sourceTree = "<group>";
		};
		B9D83FD11DD6EF100053C079 /* libcerberus */ = {
			isa = PBXGroup;
			children = (
				B9D83FCB1DD6EACE0053C079 /* libcerberus.h */,
				B9D83FC91DD6EAC30053C079 /* libcerberus.m */,
			);
			name = libcerberus;
			sourceTree = "<group>";
		};
		B9D83FD21DD6EF170053C079 /* Libraries */ = {
			isa = PBXGroup;
			children = (
				B9D83FD11DD6EF100053C079 /* libcerberus */,
				B9D83FD01DD6EF0A0053C079 /* libenclave */,
				B9D83FCF1DD6EF030053C079 /* AESCrypt */,
			);
			name = Libraries;
			sourceTree = "<group>";
		};
		B9D83FF11DD6F5B10053C079 /* Frameworks */ = {
			isa = PBXGroup;
			children = (
				B9D8407C1DD6FFC00053C079 /* _25519.framework */,
				B9D83FF21DD6F5B10053C079 /* Foundation.framework */,
				4362007332402B5E94F502AB /* Pods_Cerberus.framework */,
			);
			name = Frameworks;
			sourceTree = "<group>";
		};
		FCED49DCC1DF993FA1FE2782 /* Pods */ = {
			isa = PBXGroup;
			children = (
				0D9C93024EAB383E4954E2B3 /* Pods-Cerberus.debug.xcconfig */,
				DA12CF0A277BAB9F25EE2298 /* Pods-Cerberus.release.xcconfig */,
			);
			name = Pods;
			sourceTree = "<group>";
		};
/* End PBXGroup section */

/* Begin PBXNativeTarget section */
		B9D83FA61DCF39BD0053C079 /* Cerberus */ = {
			isa = PBXNativeTarget;
			buildConfigurationList = B9D83FAE1DCF39BD0053C079 /* Build configuration list for PBXNativeTarget "Cerberus" */;
			buildPhases = (
				5AC12E328C1F990D9519BBE7 /* [CP] Check Pods Manifest.lock */,
				B9D83FA31DCF39BD0053C079 /* Sources */,
				B9D83FA41DCF39BD0053C079 /* Frameworks */,
				B9D83FA51DCF39BD0053C079 /* CopyFiles */,
				CD55329208C716D6BF3943BC /* [CP] Copy Pods Resources */,
			);
			buildRules = (
			);
			dependencies = (
			);
			name = Cerberus;
			productName = Cerberus;
			productReference = B9D83FA71DCF39BD0053C079 /* Cerberus */;
			productType = "com.apple.product-type.tool";
		};
/* End PBXNativeTarget section */

/* Begin PBXProject section */
		B9D83F9F1DCF39BD0053C079 /* Project object */ = {
			isa = PBXProject;
			attributes = {
				LastUpgradeCheck = 0810;
				ORGANIZATIONNAME = haifisch;
				TargetAttributes = {
					B9D83FA61DCF39BD0053C079 = {
						CreatedOnToolsVersion = 8.1;
						DevelopmentTeam = 7A8DWQ7DS7;
						LastSwiftMigration = 0810;
						ProvisioningStyle = Automatic;
					};
				};
			};
			buildConfigurationList = B9D83FA21DCF39BD0053C079 /* Build configuration list for PBXProject "Cerberus" */;
			compatibilityVersion = "Xcode 3.2";
			developmentRegion = English;
			hasScannedForEncodings = 0;
			knownRegions = (
				en,
			);
			mainGroup = B9D83F9E1DCF39BD0053C079;
			productRefGroup = B9D83FA81DCF39BD0053C079 /* Products */;
			projectDirPath = "";
			projectRoot = "";
			targets = (
				B9D83FA61DCF39BD0053C079 /* Cerberus */,
			);
		};
/* End PBXProject section */

/* Begin PBXShellScriptBuildPhase section */
		5AC12E328C1F990D9519BBE7 /* [CP] Check Pods Manifest.lock */ = {
			isa = PBXShellScriptBuildPhase;
			buildActionMask = 2147483647;
			files = (
			);
			inputPaths = (
			);
			name = "[CP] Check Pods Manifest.lock";
			outputPaths = (
			);
			runOnlyForDeploymentPostprocessing = 0;
			shellPath = /bin/sh;
			shellScript = "diff \"${PODS_ROOT}/../Podfile.lock\" \"${PODS_ROOT}/Manifest.lock\" > /dev/null\nif [ $? != 0 ] ; then\n    # print error to STDERR\n    echo \"error: The sandbox is not in sync with the Podfile.lock. Run 'pod install' or update your CocoaPods installation.\" >&2\n    exit 1\nfi\n";
			showEnvVarsInLog = 0;
		};
		CD55329208C716D6BF3943BC /* [CP] Copy Pods Resources */ = {
			isa = PBXShellScriptBuildPhase;
			buildActionMask = 2147483647;
			files = (
			);
			inputPaths = (
			);
			name = "[CP] Copy Pods Resources";
			outputPaths = (
			);
			runOnlyForDeploymentPostprocessing = 0;
			shellPath = /bin/sh;
			shellScript = "\"${SRCROOT}/Pods/Target Support Files/Pods-Cerberus/Pods-Cerberus-resources.sh\"\n";
			showEnvVarsInLog = 0;
		};
/* End PBXShellScriptBuildPhase section */

/* Begin PBXSourcesBuildPhase section */
		B9D83FA31DCF39BD0053C079 /* Sources */ = {
			isa = PBXSourcesBuildPhase;
			buildActionMask = 2147483647;
			files = (
				B9D83FDF1DD6F1A40053C079 /* AESCrypt.m in Sources */,
				B9D83FAB1DCF39BD0053C079 /* main.m in Sources */,
				B9D83FE11DD6F1A40053C079 /* NSData+CommonCrypto.m in Sources */,
				B9D83FE01DD6F1A40053C079 /* NSData+Base64.m in Sources */,
				B9D83FCA1DD6EAC30053C079 /* libcerberus.m in Sources */,
				B9D83FC81DD434FC0053C079 /* libenclave.m in Sources */,
				B9D83FE21DD6F1A40053C079 /* NSString+Base64.m in Sources */,
			);
			runOnlyForDeploymentPostprocessing = 0;
		};
/* End PBXSourcesBuildPhase section */

/* Begin XCBuildConfiguration section */
		B9D83FAC1DCF39BD0053C079 /* Debug */ = {
			isa = XCBuildConfiguration;
			buildSettings = {
				ALWAYS_SEARCH_USER_PATHS = NO;
				CLANG_ANALYZER_NONNULL = YES;
				CLANG_CXX_LANGUAGE_STANDARD = "gnu++0x";
				CLANG_CXX_LIBRARY = "libc++";
				CLANG_ENABLE_MODULES = YES;
				CLANG_ENABLE_OBJC_ARC = YES;
				CLANG_WARN_BOOL_CONVERSION = YES;
				CLANG_WARN_CONSTANT_CONVERSION = YES;
				CLANG_WARN_DIRECT_OBJC_ISA_USAGE = YES_ERROR;
				CLANG_WARN_DOCUMENTATION_COMMENTS = YES;
				CLANG_WARN_EMPTY_BODY = YES;
				CLANG_WARN_ENUM_CONVERSION = YES;
				CLANG_WARN_INFINITE_RECURSION = YES;
				CLANG_WARN_INT_CONVERSION = YES;
				CLANG_WARN_OBJC_ROOT_CLASS = YES_ERROR;
				CLANG_WARN_SUSPICIOUS_MOVES = YES;
				CLANG_WARN_UNREACHABLE_CODE = YES;
				CLANG_WARN__DUPLICATE_METHOD_MATCH = YES;
				CODE_SIGN_IDENTITY = "-";
				COPY_PHASE_STRIP = NO;
				DEBUG_INFORMATION_FORMAT = dwarf;
				ENABLE_STRICT_OBJC_MSGSEND = YES;
				ENABLE_TESTABILITY = YES;
				GCC_C_LANGUAGE_STANDARD = gnu99;
				GCC_DYNAMIC_NO_PIC = NO;
				GCC_NO_COMMON_BLOCKS = YES;
				GCC_OPTIMIZATION_LEVEL = 0;
				GCC_PREPROCESSOR_DEFINITIONS = (
					"DEBUG=1",
					"$(inherited)",
				);
				GCC_WARN_64_TO_32_BIT_CONVERSION = YES;
				GCC_WARN_ABOUT_RETURN_TYPE = YES_ERROR;
				GCC_WARN_UNDECLARED_SELECTOR = YES;
				GCC_WARN_UNINITIALIZED_AUTOS = YES_AGGRESSIVE;
				GCC_WARN_UNUSED_FUNCTION = YES;
				GCC_WARN_UNUSED_VARIABLE = YES;
				MACOSX_DEPLOYMENT_TARGET = 10.12;
				MTL_ENABLE_DEBUG_INFO = YES;
				ONLY_ACTIVE_ARCH = YES;
				SDKROOT = macosx;
			};
			name = Debug;
		};
		B9D83FAD1DCF39BD0053C079 /* Release */ = {
			isa = XCBuildConfiguration;
			buildSettings = {
				ALWAYS_SEARCH_USER_PATHS = NO;
				CLANG_ANALYZER_NONNULL = YES;
				CLANG_CXX_LANGUAGE_STANDARD = "gnu++0x";
				CLANG_CXX_LIBRARY = "libc++";
				CLANG_ENABLE_MODULES = YES;
				CLANG_ENABLE_OBJC_ARC = YES;
				CLANG_WARN_BOOL_CONVERSION = YES;
				CLANG_WARN_CONSTANT_CONVERSION = YES;
				CLANG_WARN_DIRECT_OBJC_ISA_USAGE = YES_ERROR;
				CLANG_WARN_DOCUMENTATION_COMMENTS = YES;
				CLANG_WARN_EMPTY_BODY = YES;
				CLANG_WARN_ENUM_CONVERSION = YES;
				CLANG_WARN_INFINITE_RECURSION = YES;
				CLANG_WARN_INT_CONVERSION = YES;
				CLANG_WARN_OBJC_ROOT_CLASS = YES_ERROR;
				CLANG_WARN_SUSPICIOUS_MOVES = YES;
				CLANG_WARN_UNREACHABLE_CODE = YES;
				CLANG_WARN__DUPLICATE_METHOD_MATCH = YES;
				CODE_SIGN_IDENTITY = "-";
				COPY_PHASE_STRIP = NO;
				DEBUG_INFORMATION_FORMAT = "dwarf-with-dsym";
				ENABLE_NS_ASSERTIONS = NO;
				ENABLE_STRICT_OBJC_MSGSEND = YES;
				GCC_C_LANGUAGE_STANDARD = gnu99;
				GCC_NO_COMMON_BLOCKS = YES;
				GCC_WARN_64_TO_32_BIT_CONVERSION = YES;
				GCC_WARN_ABOUT_RETURN_TYPE = YES_ERROR;
				GCC_WARN_UNDECLARED_SELECTOR = YES;
				GCC_WARN_UNINITIALIZED_AUTOS = YES_AGGRESSIVE;
				GCC_WARN_UNUSED_FUNCTION = YES;
				GCC_WARN_UNUSED_VARIABLE = YES;
				MACOSX_DEPLOYMENT_TARGET = 10.12;
				MTL_ENABLE_DEBUG_INFO = NO;
				SDKROOT = macosx;
			};
			name = Release;
		};
		B9D83FAF1DCF39BD0053C079 /* Debug */ = {
			isa = XCBuildConfiguration;
			baseConfigurationReference = 0D9C93024EAB383E4954E2B3 /* Pods-Cerberus.debug.xcconfig */;
			buildSettings = {
				CLANG_ENABLE_MODULES = YES;
				DEVELOPMENT_TEAM = 7A8DWQ7DS7;
				LD_RUNPATH_SEARCH_PATHS = "$(inherited) @executable_path/../Frameworks @loader_path/../Frameworks";
				MACOSX_DEPLOYMENT_TARGET = 10.11;
				PRODUCT_NAME = "$(TARGET_NAME)";
				SWIFT_OBJC_BRIDGING_HEADER = "Cerberus/Cerberus-Bridging-Header.h";
				SWIFT_OPTIMIZATION_LEVEL = "-Onone";
				SWIFT_VERSION = 3.0;
			};
			name = Debug;
		};
		B9D83FB01DCF39BD0053C079 /* Release */ = {
			isa = XCBuildConfiguration;
			baseConfigurationReference = DA12CF0A277BAB9F25EE2298 /* Pods-Cerberus.release.xcconfig */;
			buildSettings = {
				CLANG_ENABLE_MODULES = YES;
				DEVELOPMENT_TEAM = 7A8DWQ7DS7;
				LD_RUNPATH_SEARCH_PATHS = "$(inherited) @executable_path/../Frameworks @loader_path/../Frameworks";
				MACOSX_DEPLOYMENT_TARGET = 10.11;
				PRODUCT_NAME = "$(TARGET_NAME)";
				SWIFT_OBJC_BRIDGING_HEADER = "Cerberus/Cerberus-Bridging-Header.h";
				SWIFT_VERSION = 3.0;
			};
			name = Release;
		};
/* End XCBuildConfiguration section */

/* Begin XCConfigurationList section */
		B9D83FA21DCF39BD0053C079 /* Build configuration list for PBXProject "Cerberus" */ = {
			isa = XCConfigurationList;
			buildConfigurations = (
				B9D83FAC1DCF39BD0053C079 /* Debug */,
				B9D83FAD1DCF39BD0053C079 /* Release */,
			);
			defaultConfigurationIsVisible = 0;
			defaultConfigurationName = Release;
		};
		B9D83FAE1DCF39BD0053C079 /* Build configuration list for PBXNativeTarget "Cerberus" */ = {
			isa = XCConfigurationList;
			buildConfigurations = (
				B9D83FAF1DCF39BD0053C079 /* Debug */,
				B9D83FB01DCF39BD0053C079 /* Release */,
			);
			defaultConfigurationIsVisible = 0;
			defaultConfigurationName = Release;
		};
/* End XCConfigurationList section */
	};
	rootObject = B9D83F9F1DCF39BD0053C079 /* Project object */;
}
